
Microsoft Visual Studio Solution File, Format Version 12.00
# Visual Studio Version 17
VisualStudioVersion = 17.2.32519.379
MinimumVisualStudioVersion = 10.0.40219.1
Project("{2150E333-8FDC-42A3-9474-1A3956D46DE8}") = "Adrian", "Adrian", "{46FD85D0-B8A5-4B75-A949-A10E7814039E}"
EndProject
Project("{2150E333-8FDC-42A3-9474-1A3956D46DE8}") = "Juan", "Juan", "{A47CA672-7D84-42F8-9F3E-0A79D33EF691}"
EndProject
Project("{9A19103F-16F7-4668-BE54-9A1E7A4F7556}") = "GradingStudents", "..\Juan\GradingStudents\GradingStudents.csproj", "{222AC16B-851F-40E2-A563-D6A444DD79D0}"
EndProject
Project("{9A19103F-16F7-4668-BE54-9A1E7A4F7556}") = "AppleAndOrange", "..\Juan\AppleAndOrange\AppleAndOrange.csproj", "{0AA23B38-EA96-469D-A39E-C12ED1245B05}"
EndProject
Project("{FAE04EC0-301F-11D3-BF4B-00C04F79EFBC}") = "SolutionDraft", "..\ShapesMover\SolutionDraft\SolutionDraft.csproj", "{27BC5CDE-A21B-45A3-A703-63DE115FCD37}"
EndProject
Project("{FAE04EC0-301F-11D3-BF4B-00C04F79EFBC}") = "HackerRunTests", "HackerRunTests\HackerRunTests.csproj", "{4F6F1A76-C000-4B0E-8336-39967D40423C}"
EndProject
Global
	GlobalSection(SolutionConfigurationPlatforms) = preSolution
		Debug|Any CPU = Debug|Any CPU
		Release|Any CPU = Release|Any CPU
	EndGlobalSection
	GlobalSection(ProjectConfigurationPlatforms) = postSolution
		{222AC16B-851F-40E2-A563-D6A444DD79D0}.Debug|Any CPU.ActiveCfg = Debug|Any CPU
		{222AC16B-851F-40E2-A563-D6A444DD79D0}.Debug|Any CPU.Build.0 = Debug|Any CPU
		{222AC16B-851F-40E2-A563-D6A444DD79D0}.Release|Any CPU.ActiveCfg = Release|Any CPU
		{222AC16B-851F-40E2-A563-D6A444DD79D0}.Release|Any CPU.Build.0 = Release|Any CPU
		{0AA23B38-EA96-469D-A39E-C12ED1245B05}.Debug|Any CPU.ActiveCfg = Debug|Any CPU
		{0AA23B38-EA96-469D-A39E-C12ED1245B05}.Debug|Any CPU.Build.0 = Debug|Any CPU
		{0AA23B38-EA96-469D-A39E-C12ED1245B05}.Release|Any CPU.ActiveCfg = Release|Any CPU
		{0AA23B38-EA96-469D-A39E-C12ED1245B05}.Release|Any CPU.Build.0 = Release|Any CPU
		{27BC5CDE-A21B-45A3-A703-63DE115FCD37}.Debug|Any CPU.ActiveCfg = Debug|Any CPU
		{27BC5CDE-A21B-45A3-A703-63DE115FCD37}.Debug|Any CPU.Build.0 = Debug|Any CPU
		{27BC5CDE-A21B-45A3-A703-63DE115FCD37}.Release|Any CPU.ActiveCfg = Release|Any CPU
		{27BC5CDE-A21B-45A3-A703-63DE115FCD37}.Release|Any CPU.Build.0 = Release|Any CPU
		{4F6F1A76-C000-4B0E-8336-39967D40423C}.Debug|Any CPU.ActiveCfg = Debug|Any CPU
		{4F6F1A76-C000-4B0E-8336-39967D40423C}.Debug|Any CPU.Build.0 = Debug|Any CPU
		{4F6F1A76-C000-4B0E-8336-39967D40423C}.Release|Any CPU.ActiveCfg = Release|Any CPU
		{4F6F1A76-C000-4B0E-8336-39967D40423C}.Release|Any CPU.Build.0 = Release|Any CPU
	EndGlobalSection
	GlobalSection(SolutionProperties) = preSolution
		HideSolutionNode = FALSE
	EndGlobalSection
	GlobalSection(NestedProjects) = preSolution
		{222AC16B-851F-40E2-A563-D6A444DD79D0} = {A47CA672-7D84-42F8-9F3E-0A79D33EF691}
		{0AA23B38-EA96-469D-A39E-C12ED1245B05} = {A47CA672-7D84-42F8-9F3E-0A79D33EF691}
		{27BC5CDE-A21B-45A3-A703-63DE115FCD37} = {A47CA672-7D84-42F8-9F3E-0A79D33EF691}
		{4F6F1A76-C000-4B0E-8336-39967D40423C} = {46FD85D0-B8A5-4B75-A949-A10E7814039E}
	EndGlobalSection
	GlobalSection(ExtensibilityGlobals) = postSolution
		SolutionGuid = {5AB915CC-60E0-4A74-AC6C-F0C18B755137}
	EndGlobalSection
EndGlobal
